
Microsoft Visual Studio Solution File, Format Version 12.00
# Visual Studio Version 17
VisualStudioVersion = 17.3.32811.315
MinimumVisualStudioVersion = 10.0.40219.1
Project("{FAE04EC0-301F-11D3-BF4B-00C04F79EFBC}") = "Task2", "Task2\Task2.csproj", "{DDBD1744-EA90-45E9-B248-7BEDBF8CEC08}"
EndProject
Global
	GlobalSection(SolutionConfigurationPlatforms) = preSolution
		Debug|Any CPU = Debug|Any CPU
		Release|Any CPU = Release|Any CPU
	EndGlobalSection
	GlobalSection(ProjectConfigurationPlatforms) = postSolution
		{DDBD1744-EA90-45E9-B248-7BEDBF8CEC08}.Debug|Any CPU.ActiveCfg = Debug|Any CPU
		{DDBD1744-EA90-45E9-B248-7BEDBF8CEC08}.Debug|Any CPU.Build.0 = Debug|Any CPU
		{DDBD1744-EA90-45E9-B248-7BEDBF8CEC08}.Release|Any CPU.ActiveCfg = Release|Any CPU
		{DDBD1744-EA90-45E9-B248-7BEDBF8CEC08}.Release|Any CPU.Build.0 = Release|Any CPU
	EndGlobalSection
	GlobalSection(SolutionProperties) = preSolution
		HideSolutionNode = FALSE
	EndGlobalSection
	GlobalSection(ExtensibilityGlobals) = postSolution
		SolutionGuid = {DEAFB886-6B16-41BD-A474-80155E15C336}
	EndGlobalSection
EndGlobal
